Microsoft Visual Studio Solution File, Format Version 12.00
# Visual Studio Express 2013 for Windows Desktop
Project("{8BC9CEB8-8B4A-11D0-8D11-00A0C91BC942}") = "ALL_BUILD", "ALL_BUILD.vcxproj", "{0D6B7F98-DCFF-4CF9-9BEE-746F48100078}"
	ProjectSection(ProjectDependencies) = postProject
		{38DBA732-DF41-4DCC-B4E4-60A8089526CF} = {38DBA732-DF41-4DCC-B4E4-60A8089526CF}
		{E622E519-A57A-4256-883E-71E10BAAA48E} = {E622E519-A57A-4256-883E-71E10BAAA48E}
		{52E5463B-CFF6-43BC-A2F9-60CF7F39F8E2} = {52E5463B-CFF6-43BC-A2F9-60CF7F39F8E2}
		{7D21F9F4-9FC0-49E1-A47C-493219588E58} = {7D21F9F4-9FC0-49E1-A47C-493219588E58}
		{BD95F3F2-AA49-42F2-B17F-C5D8EB6D6E77} = {BD95F3F2-AA49-42F2-B17F-C5D8EB6D6E77}
		{6794BC52-C8F1-4ADE-ABAF-D2701B75AA7E} = {6794BC52-C8F1-4ADE-ABAF-D2701B75AA7E}
		{2B19E6E4-29E6-4BF4-9A57-77F6E91B63EC} = {2B19E6E4-29E6-4BF4-9A57-77F6E91B63EC}
		{2527E427-8B9F-49AC-9187-F54AA8E01280} = {2527E427-8B9F-49AC-9187-F54AA8E01280}
		{CDFCC73E-0C4E-4B95-BAB2-B58541FE1450} = {CDFCC73E-0C4E-4B95-BAB2-B58541FE1450}
		{9EE8BC5C-C4BF-40F5-9619-5ABBE392582C} = {9EE8BC5C-C4BF-40F5-9619-5ABBE392582C}
	EndProjectSection
EndProject
Project("{8BC9CEB8-8B4A-11D0-8D11-00A0C91BC942}") = "CoreEngine", "src\Engine\CoreEngine.vcxproj", "{38DBA732-DF41-4DCC-B4E4-60A8089526CF}"
	ProjectSection(ProjectDependencies) = postProject
		{CDFCC73E-0C4E-4B95-BAB2-B58541FE1450} = {CDFCC73E-0C4E-4B95-BAB2-B58541FE1450}
		{9EE8BC5C-C4BF-40F5-9619-5ABBE392582C} = {9EE8BC5C-C4BF-40F5-9619-5ABBE392582C}
	EndProjectSection
EndProject
Project("{8BC9CEB8-8B4A-11D0-8D11-00A0C91BC942}") = "Graphics", "src\GraphicsSystem\Graphics.vcxproj", "{E622E519-A57A-4256-883E-71E10BAAA48E}"
	ProjectSection(ProjectDependencies) = postProject
		{38DBA732-DF41-4DCC-B4E4-60A8089526CF} = {38DBA732-DF41-4DCC-B4E4-60A8089526CF}
		{CDFCC73E-0C4E-4B95-BAB2-B58541FE1450} = {CDFCC73E-0C4E-4B95-BAB2-B58541FE1450}
		{9EE8BC5C-C4BF-40F5-9619-5ABBE392582C} = {9EE8BC5C-C4BF-40F5-9619-5ABBE392582C}
	EndProjectSection
EndProject
Project("{8BC9CEB8-8B4A-11D0-8D11-00A0C91BC942}") = "Input", "src\InputSystem\Input.vcxproj", "{52E5463B-CFF6-43BC-A2F9-60CF7F39F8E2}"
	ProjectSection(ProjectDependencies) = postProject
		{38DBA732-DF41-4DCC-B4E4-60A8089526CF} = {38DBA732-DF41-4DCC-B4E4-60A8089526CF}
		{CDFCC73E-0C4E-4B95-BAB2-B58541FE1450} = {CDFCC73E-0C4E-4B95-BAB2-B58541FE1450}
		{9EE8BC5C-C4BF-40F5-9619-5ABBE392582C} = {9EE8BC5C-C4BF-40F5-9619-5ABBE392582C}
	EndProjectSection
EndProject
Project("{8BC9CEB8-8B4A-11D0-8D11-00A0C91BC942}") = "Maths", "src\Maths\Maths.vcxproj", "{7D21F9F4-9FC0-49E1-A47C-493219588E58}"
	ProjectSection(ProjectDependencies) = postProject
		{9EE8BC5C-C4BF-40F5-9619-5ABBE392582C} = {9EE8BC5C-C4BF-40F5-9619-5ABBE392582C}
	EndProjectSection
EndProject
Project("{8BC9CEB8-8B4A-11D0-8D11-00A0C91BC942}") = "Physics", "src\PhysicsSystem\Physics.vcxproj", "{BD95F3F2-AA49-42F2-B17F-C5D8EB6D6E77}"
	ProjectSection(ProjectDependencies) = postProject
		{38DBA732-DF41-4DCC-B4E4-60A8089526CF} = {38DBA732-DF41-4DCC-B4E4-60A8089526CF}
		{7D21F9F4-9FC0-49E1-A47C-493219588E58} = {7D21F9F4-9FC0-49E1-A47C-493219588E58}
		{CDFCC73E-0C4E-4B95-BAB2-B58541FE1450} = {CDFCC73E-0C4E-4B95-BAB2-B58541FE1450}
		{9EE8BC5C-C4BF-40F5-9619-5ABBE392582C} = {9EE8BC5C-C4BF-40F5-9619-5ABBE392582C}
	EndProjectSection
EndProject
Project("{8BC9CEB8-8B4A-11D0-8D11-00A0C91BC942}") = "SDLWindow", "src\SDLWindow\SDLWindow.vcxproj", "{6794BC52-C8F1-4ADE-ABAF-D2701B75AA7E}"
	ProjectSection(ProjectDependencies) = postProject
		{9EE8BC5C-C4BF-40F5-9619-5ABBE392582C} = {9EE8BC5C-C4BF-40F5-9619-5ABBE392582C}
	EndProjectSection
EndProject
Project("{8BC9CEB8-8B4A-11D0-8D11-00A0C91BC942}") = "SFMLTest", "src\SFMLTest\SFMLTest.vcxproj", "{2B19E6E4-29E6-4BF4-9A57-77F6E91B63EC}"
	ProjectSection(ProjectDependencies) = postProject
		{38DBA732-DF41-4DCC-B4E4-60A8089526CF} = {38DBA732-DF41-4DCC-B4E4-60A8089526CF}
		{E622E519-A57A-4256-883E-71E10BAAA48E} = {E622E519-A57A-4256-883E-71E10BAAA48E}
		{52E5463B-CFF6-43BC-A2F9-60CF7F39F8E2} = {52E5463B-CFF6-43BC-A2F9-60CF7F39F8E2}
		{7D21F9F4-9FC0-49E1-A47C-493219588E58} = {7D21F9F4-9FC0-49E1-A47C-493219588E58}
		{BD95F3F2-AA49-42F2-B17F-C5D8EB6D6E77} = {BD95F3F2-AA49-42F2-B17F-C5D8EB6D6E77}
		{6794BC52-C8F1-4ADE-ABAF-D2701B75AA7E} = {6794BC52-C8F1-4ADE-ABAF-D2701B75AA7E}
		{2527E427-8B9F-49AC-9187-F54AA8E01280} = {2527E427-8B9F-49AC-9187-F54AA8E01280}
		{CDFCC73E-0C4E-4B95-BAB2-B58541FE1450} = {CDFCC73E-0C4E-4B95-BAB2-B58541FE1450}
		{9EE8BC5C-C4BF-40F5-9619-5ABBE392582C} = {9EE8BC5C-C4BF-40F5-9619-5ABBE392582C}
	EndProjectSection
EndProject
Project("{8BC9CEB8-8B4A-11D0-8D11-00A0C91BC942}") = "WindowingSystem", "src\WindowingSystem\WindowingSystem.vcxproj", "{2527E427-8B9F-49AC-9187-F54AA8E01280}"
	ProjectSection(ProjectDependencies) = postProject
		{9EE8BC5C-C4BF-40F5-9619-5ABBE392582C} = {9EE8BC5C-C4BF-40F5-9619-5ABBE392582C}
	EndProjectSection
EndProject
Project("{8BC9CEB8-8B4A-11D0-8D11-00A0C91BC942}") = "XML", "src\TinyXML2\XML.vcxproj", "{CDFCC73E-0C4E-4B95-BAB2-B58541FE1450}"
	ProjectSection(ProjectDependencies) = postProject
		{9EE8BC5C-C4BF-40F5-9619-5ABBE392582C} = {9EE8BC5C-C4BF-40F5-9619-5ABBE392582C}
	EndProjectSection
EndProject
Project("{8BC9CEB8-8B4A-11D0-8D11-00A0C91BC942}") = "ZERO_CHECK", "ZERO_CHECK.vcxproj", "{9EE8BC5C-C4BF-40F5-9619-5ABBE392582C}"
	ProjectSection(ProjectDependencies) = postProject
	EndProjectSection
EndProject
Global
	GlobalSection(SolutionConfigurationPlatforms) = preSolution
		Debug|Win32 = Debug|Win32
		Release|Win32 = Release|Win32
		MinSizeRel|Win32 = MinSizeRel|Win32
		RelWithDebInfo|Win32 = RelWithDebInfo|Win32
	EndGlobalSection
	GlobalSection(ProjectConfigurationPlatforms) = postSolution
		{0D6B7F98-DCFF-4CF9-9BEE-746F48100078}.Debug|Win32.ActiveCfg = Debug|Win32
		{0D6B7F98-DCFF-4CF9-9BEE-746F48100078}.Release|Win32.ActiveCfg = Release|Win32
		{0D6B7F98-DCFF-4CF9-9BEE-746F48100078}.MinSizeRel|Win32.ActiveCfg = MinSizeRel|Win32
		{0D6B7F98-DCFF-4CF9-9BEE-746F48100078}.RelWithDebInfo|Win32.ActiveCfg = RelWithDebInfo|Win32
		{38DBA732-DF41-4DCC-B4E4-60A8089526CF}.Debug|Win32.ActiveCfg = Debug|Win32
		{38DBA732-DF41-4DCC-B4E4-60A8089526CF}.Debug|Win32.Build.0 = Debug|Win32
		{38DBA732-DF41-4DCC-B4E4-60A8089526CF}.Release|Win32.ActiveCfg = Release|Win32
		{38DBA732-DF41-4DCC-B4E4-60A8089526CF}.Release|Win32.Build.0 = Release|Win32
		{38DBA732-DF41-4DCC-B4E4-60A8089526CF}.MinSizeRel|Win32.ActiveCfg = MinSizeRel|Win32
		{38DBA732-DF41-4DCC-B4E4-60A8089526CF}.MinSizeRel|Win32.Build.0 = MinSizeRel|Win32
		{38DBA732-DF41-4DCC-B4E4-60A8089526CF}.RelWithDebInfo|Win32.ActiveCfg = RelWithDebInfo|Win32
		{38DBA732-DF41-4DCC-B4E4-60A8089526CF}.RelWithDebInfo|Win32.Build.0 = RelWithDebInfo|Win32
		{E622E519-A57A-4256-883E-71E10BAAA48E}.Debug|Win32.ActiveCfg = Debug|Win32
		{E622E519-A57A-4256-883E-71E10BAAA48E}.Debug|Win32.Build.0 = Debug|Win32
		{E622E519-A57A-4256-883E-71E10BAAA48E}.Release|Win32.ActiveCfg = Release|Win32
		{E622E519-A57A-4256-883E-71E10BAAA48E}.Release|Win32.Build.0 = Release|Win32
		{E622E519-A57A-4256-883E-71E10BAAA48E}.MinSizeRel|Win32.ActiveCfg = MinSizeRel|Win32
		{E622E519-A57A-4256-883E-71E10BAAA48E}.MinSizeRel|Win32.Build.0 = MinSizeRel|Win32
		{E622E519-A57A-4256-883E-71E10BAAA48E}.RelWithDebInfo|Win32.ActiveCfg = RelWithDebInfo|Win32
		{E622E519-A57A-4256-883E-71E10BAAA48E}.RelWithDebInfo|Win32.Build.0 = RelWithDebInfo|Win32
		{52E5463B-CFF6-43BC-A2F9-60CF7F39F8E2}.Debug|Win32.ActiveCfg = Debug|Win32
		{52E5463B-CFF6-43BC-A2F9-60CF7F39F8E2}.Debug|Win32.Build.0 = Debug|Win32
		{52E5463B-CFF6-43BC-A2F9-60CF7F39F8E2}.Release|Win32.ActiveCfg = Release|Win32
		{52E5463B-CFF6-43BC-A2F9-60CF7F39F8E2}.Release|Win32.Build.0 = Release|Win32
		{52E5463B-CFF6-43BC-A2F9-60CF7F39F8E2}.MinSizeRel|Win32.ActiveCfg = MinSizeRel|Win32
		{52E5463B-CFF6-43BC-A2F9-60CF7F39F8E2}.MinSizeRel|Win32.Build.0 = MinSizeRel|Win32
		{52E5463B-CFF6-43BC-A2F9-60CF7F39F8E2}.RelWithDebInfo|Win32.ActiveCfg = RelWithDebInfo|Win32
		{52E5463B-CFF6-43BC-A2F9-60CF7F39F8E2}.RelWithDebInfo|Win32.Build.0 = RelWithDebInfo|Win32
		{7D21F9F4-9FC0-49E1-A47C-493219588E58}.Debug|Win32.ActiveCfg = Debug|Win32
		{7D21F9F4-9FC0-49E1-A47C-493219588E58}.Debug|Win32.Build.0 = Debug|Win32
		{7D21F9F4-9FC0-49E1-A47C-493219588E58}.Release|Win32.ActiveCfg = Release|Win32
		{7D21F9F4-9FC0-49E1-A47C-493219588E58}.Release|Win32.Build.0 = Release|Win32
		{7D21F9F4-9FC0-49E1-A47C-493219588E58}.MinSizeRel|Win32.ActiveCfg = MinSizeRel|Win32
		{7D21F9F4-9FC0-49E1-A47C-493219588E58}.MinSizeRel|Win32.Build.0 = MinSizeRel|Win32
		{7D21F9F4-9FC0-49E1-A47C-493219588E58}.RelWithDebInfo|Win32.ActiveCfg = RelWithDebInfo|Win32
		{7D21F9F4-9FC0-49E1-A47C-493219588E58}.RelWithDebInfo|Win32.Build.0 = RelWithDebInfo|Win32
		{BD95F3F2-AA49-42F2-B17F-C5D8EB6D6E77}.Debug|Win32.ActiveCfg = Debug|Win32
		{BD95F3F2-AA49-42F2-B17F-C5D8EB6D6E77}.Debug|Win32.Build.0 = Debug|Win32
		{BD95F3F2-AA49-42F2-B17F-C5D8EB6D6E77}.Release|Win32.ActiveCfg = Release|Win32
		{BD95F3F2-AA49-42F2-B17F-C5D8EB6D6E77}.Release|Win32.Build.0 = Release|Win32
		{BD95F3F2-AA49-42F2-B17F-C5D8EB6D6E77}.MinSizeRel|Win32.ActiveCfg = MinSizeRel|Win32
		{BD95F3F2-AA49-42F2-B17F-C5D8EB6D6E77}.MinSizeRel|Win32.Build.0 = MinSizeRel|Win32
		{BD95F3F2-AA49-42F2-B17F-C5D8EB6D6E77}.RelWithDebInfo|Win32.ActiveCfg = RelWithDebInfo|Win32
		{BD95F3F2-AA49-42F2-B17F-C5D8EB6D6E77}.RelWithDebInfo|Win32.Build.0 = RelWithDebInfo|Win32
		{6794BC52-C8F1-4ADE-ABAF-D2701B75AA7E}.Debug|Win32.ActiveCfg = Debug|Win32
		{6794BC52-C8F1-4ADE-ABAF-D2701B75AA7E}.Debug|Win32.Build.0 = Debug|Win32
		{6794BC52-C8F1-4ADE-ABAF-D2701B75AA7E}.Release|Win32.ActiveCfg = Release|Win32
		{6794BC52-C8F1-4ADE-ABAF-D2701B75AA7E}.Release|Win32.Build.0 = Release|Win32
		{6794BC52-C8F1-4ADE-ABAF-D2701B75AA7E}.MinSizeRel|Win32.ActiveCfg = MinSizeRel|Win32
		{6794BC52-C8F1-4ADE-ABAF-D2701B75AA7E}.MinSizeRel|Win32.Build.0 = MinSizeRel|Win32
		{6794BC52-C8F1-4ADE-ABAF-D2701B75AA7E}.RelWithDebInfo|Win32.ActiveCfg = RelWithDebInfo|Win32
		{6794BC52-C8F1-4ADE-ABAF-D2701B75AA7E}.RelWithDebInfo|Win32.Build.0 = RelWithDebInfo|Win32
		{2B19E6E4-29E6-4BF4-9A57-77F6E91B63EC}.Debug|Win32.ActiveCfg = Debug|Win32
		{2B19E6E4-29E6-4BF4-9A57-77F6E91B63EC}.Debug|Win32.Build.0 = Debug|Win32
		{2B19E6E4-29E6-4BF4-9A57-77F6E91B63EC}.Release|Win32.ActiveCfg = Release|Win32
		{2B19E6E4-29E6-4BF4-9A57-77F6E91B63EC}.Release|Win32.Build.0 = Release|Win32
		{2B19E6E4-29E6-4BF4-9A57-77F6E91B63EC}.MinSizeRel|Win32.ActiveCfg = MinSizeRel|Win32
		{2B19E6E4-29E6-4BF4-9A57-77F6E91B63EC}.MinSizeRel|Win32.Build.0 = MinSizeRel|Win32
		{2B19E6E4-29E6-4BF4-9A57-77F6E91B63EC}.RelWithDebInfo|Win32.ActiveCfg = RelWithDebInfo|Win32
		{2B19E6E4-29E6-4BF4-9A57-77F6E91B63EC}.RelWithDebInfo|Win32.Build.0 = RelWithDebInfo|Win32
		{2527E427-8B9F-49AC-9187-F54AA8E01280}.Debug|Win32.ActiveCfg = Debug|Win32
		{2527E427-8B9F-49AC-9187-F54AA8E01280}.Debug|Win32.Build.0 = Debug|Win32
		{2527E427-8B9F-49AC-9187-F54AA8E01280}.Release|Win32.ActiveCfg = Release|Win32
		{2527E427-8B9F-49AC-9187-F54AA8E01280}.Release|Win32.Build.0 = Release|Win32
		{2527E427-8B9F-49AC-9187-F54AA8E01280}.MinSizeRel|Win32.ActiveCfg = MinSizeRel|Win32
		{2527E427-8B9F-49AC-9187-F54AA8E01280}.MinSizeRel|Win32.Build.0 = MinSizeRel|Win32
		{2527E427-8B9F-49AC-9187-F54AA8E01280}.RelWithDebInfo|Win32.ActiveCfg = RelWithDebInfo|Win32
		{2527E427-8B9F-49AC-9187-F54AA8E01280}.RelWithDebInfo|Win32.Build.0 = RelWithDebInfo|Win32
		{CDFCC73E-0C4E-4B95-BAB2-B58541FE1450}.Debug|Win32.ActiveCfg = Debug|Win32
		{CDFCC73E-0C4E-4B95-BAB2-B58541FE1450}.Debug|Win32.Build.0 = Debug|Win32
		{CDFCC73E-0C4E-4B95-BAB2-B58541FE1450}.Release|Win32.ActiveCfg = Release|Win32
		{CDFCC73E-0C4E-4B95-BAB2-B58541FE1450}.Release|Win32.Build.0 = Release|Win32
		{CDFCC73E-0C4E-4B95-BAB2-B58541FE1450}.MinSizeRel|Win32.ActiveCfg = MinSizeRel|Win32
		{CDFCC73E-0C4E-4B95-BAB2-B58541FE1450}.MinSizeRel|Win32.Build.0 = MinSizeRel|Win32
		{CDFCC73E-0C4E-4B95-BAB2-B58541FE1450}.RelWithDebInfo|Win32.ActiveCfg = RelWithDebInfo|Win32
		{CDFCC73E-0C4E-4B95-BAB2-B58541FE1450}.RelWithDebInfo|Win32.Build.0 = RelWithDebInfo|Win32
		{9EE8BC5C-C4BF-40F5-9619-5ABBE392582C}.Debug|Win32.ActiveCfg = Debug|Win32
		{9EE8BC5C-C4BF-40F5-9619-5ABBE392582C}.Debug|Win32.Build.0 = Debug|Win32
		{9EE8BC5C-C4BF-40F5-9619-5ABBE392582C}.Release|Win32.ActiveCfg = Release|Win32
		{9EE8BC5C-C4BF-40F5-9619-5ABBE392582C}.Release|Win32.Build.0 = Release|Win32
		{9EE8BC5C-C4BF-40F5-9619-5ABBE392582C}.MinSizeRel|Win32.ActiveCfg = MinSizeRel|Win32
		{9EE8BC5C-C4BF-40F5-9619-5ABBE392582C}.MinSizeRel|Win32.Build.0 = MinSizeRel|Win32
		{9EE8BC5C-C4BF-40F5-9619-5ABBE392582C}.RelWithDebInfo|Win32.ActiveCfg = RelWithDebInfo|Win32
		{9EE8BC5C-C4BF-40F5-9619-5ABBE392582C}.RelWithDebInfo|Win32.Build.0 = RelWithDebInfo|Win32
	EndGlobalSection
	GlobalSection(ExtensibilityGlobals) = postSolution
	EndGlobalSection
	GlobalSection(ExtensibilityAddIns) = postSolution
	EndGlobalSection
EndGlobal
