Microsoft Visual Studio Solution File, Format Version 12.00
# Visual Studio Express 2013 for Windows Desktop
Project("{8BC9CEB8-8B4A-11D0-8D11-00A0C91BC942}") = "ALL_BUILD", "ALL_BUILD.vcxproj", "{01CF8003-904A-49C0-BFA1-5A919AC5EF0D}"
	ProjectSection(ProjectDependencies) = postProject
		{4798AA02-5855-4502-A51C-4A95A7916F87} = {4798AA02-5855-4502-A51C-4A95A7916F87}
		{20E03DA0-BEFF-434A-B87D-85C0912B9B85} = {20E03DA0-BEFF-434A-B87D-85C0912B9B85}
		{E288C96B-371A-416A-A609-5FF8B196CB42} = {E288C96B-371A-416A-A609-5FF8B196CB42}
		{EEAEDB72-15AB-4A71-BBC9-159FD9B309B1} = {EEAEDB72-15AB-4A71-BBC9-159FD9B309B1}
		{9745F52C-8A7B-4988-81D2-CAFE2669D6FA} = {9745F52C-8A7B-4988-81D2-CAFE2669D6FA}
		{AF66D579-509C-4BD5-B199-C9B3823542FC} = {AF66D579-509C-4BD5-B199-C9B3823542FC}
		{F7990A69-8D71-426A-AFF1-2827366A5636} = {F7990A69-8D71-426A-AFF1-2827366A5636}
		{079B0A1E-6589-4B80-99B3-2FE5554E439B} = {079B0A1E-6589-4B80-99B3-2FE5554E439B}
		{F56499EA-A475-45C6-A633-182F116360D3} = {F56499EA-A475-45C6-A633-182F116360D3}
		{252A9BD2-0107-4E72-ACB1-4A7128697ACC} = {252A9BD2-0107-4E72-ACB1-4A7128697ACC}
	EndProjectSection
EndProject
Project("{8BC9CEB8-8B4A-11D0-8D11-00A0C91BC942}") = "CoreEngine", "src\Engine\CoreEngine.vcxproj", "{4798AA02-5855-4502-A51C-4A95A7916F87}"
	ProjectSection(ProjectDependencies) = postProject
		{F56499EA-A475-45C6-A633-182F116360D3} = {F56499EA-A475-45C6-A633-182F116360D3}
		{252A9BD2-0107-4E72-ACB1-4A7128697ACC} = {252A9BD2-0107-4E72-ACB1-4A7128697ACC}
	EndProjectSection
EndProject
Project("{8BC9CEB8-8B4A-11D0-8D11-00A0C91BC942}") = "Graphics", "src\GraphicsSystem\Graphics.vcxproj", "{20E03DA0-BEFF-434A-B87D-85C0912B9B85}"
	ProjectSection(ProjectDependencies) = postProject
		{4798AA02-5855-4502-A51C-4A95A7916F87} = {4798AA02-5855-4502-A51C-4A95A7916F87}
		{F56499EA-A475-45C6-A633-182F116360D3} = {F56499EA-A475-45C6-A633-182F116360D3}
		{252A9BD2-0107-4E72-ACB1-4A7128697ACC} = {252A9BD2-0107-4E72-ACB1-4A7128697ACC}
	EndProjectSection
EndProject
Project("{8BC9CEB8-8B4A-11D0-8D11-00A0C91BC942}") = "Input", "src\InputSystem\Input.vcxproj", "{E288C96B-371A-416A-A609-5FF8B196CB42}"
	ProjectSection(ProjectDependencies) = postProject
		{4798AA02-5855-4502-A51C-4A95A7916F87} = {4798AA02-5855-4502-A51C-4A95A7916F87}
		{F56499EA-A475-45C6-A633-182F116360D3} = {F56499EA-A475-45C6-A633-182F116360D3}
		{252A9BD2-0107-4E72-ACB1-4A7128697ACC} = {252A9BD2-0107-4E72-ACB1-4A7128697ACC}
	EndProjectSection
EndProject
Project("{8BC9CEB8-8B4A-11D0-8D11-00A0C91BC942}") = "Maths", "src\Maths\Maths.vcxproj", "{EEAEDB72-15AB-4A71-BBC9-159FD9B309B1}"
	ProjectSection(ProjectDependencies) = postProject
		{252A9BD2-0107-4E72-ACB1-4A7128697ACC} = {252A9BD2-0107-4E72-ACB1-4A7128697ACC}
	EndProjectSection
EndProject
Project("{8BC9CEB8-8B4A-11D0-8D11-00A0C91BC942}") = "Physics", "src\PhysicsSystem\Physics.vcxproj", "{9745F52C-8A7B-4988-81D2-CAFE2669D6FA}"
	ProjectSection(ProjectDependencies) = postProject
		{4798AA02-5855-4502-A51C-4A95A7916F87} = {4798AA02-5855-4502-A51C-4A95A7916F87}
		{EEAEDB72-15AB-4A71-BBC9-159FD9B309B1} = {EEAEDB72-15AB-4A71-BBC9-159FD9B309B1}
		{F56499EA-A475-45C6-A633-182F116360D3} = {F56499EA-A475-45C6-A633-182F116360D3}
		{252A9BD2-0107-4E72-ACB1-4A7128697ACC} = {252A9BD2-0107-4E72-ACB1-4A7128697ACC}
	EndProjectSection
EndProject
Project("{8BC9CEB8-8B4A-11D0-8D11-00A0C91BC942}") = "SDLWindow", "src\SDLWindow\SDLWindow.vcxproj", "{AF66D579-509C-4BD5-B199-C9B3823542FC}"
	ProjectSection(ProjectDependencies) = postProject
		{252A9BD2-0107-4E72-ACB1-4A7128697ACC} = {252A9BD2-0107-4E72-ACB1-4A7128697ACC}
	EndProjectSection
EndProject
Project("{8BC9CEB8-8B4A-11D0-8D11-00A0C91BC942}") = "SFMLTest", "src\SFMLTest\SFMLTest.vcxproj", "{F7990A69-8D71-426A-AFF1-2827366A5636}"
	ProjectSection(ProjectDependencies) = postProject
		{4798AA02-5855-4502-A51C-4A95A7916F87} = {4798AA02-5855-4502-A51C-4A95A7916F87}
		{20E03DA0-BEFF-434A-B87D-85C0912B9B85} = {20E03DA0-BEFF-434A-B87D-85C0912B9B85}
		{E288C96B-371A-416A-A609-5FF8B196CB42} = {E288C96B-371A-416A-A609-5FF8B196CB42}
		{EEAEDB72-15AB-4A71-BBC9-159FD9B309B1} = {EEAEDB72-15AB-4A71-BBC9-159FD9B309B1}
		{9745F52C-8A7B-4988-81D2-CAFE2669D6FA} = {9745F52C-8A7B-4988-81D2-CAFE2669D6FA}
		{AF66D579-509C-4BD5-B199-C9B3823542FC} = {AF66D579-509C-4BD5-B199-C9B3823542FC}
		{079B0A1E-6589-4B80-99B3-2FE5554E439B} = {079B0A1E-6589-4B80-99B3-2FE5554E439B}
		{F56499EA-A475-45C6-A633-182F116360D3} = {F56499EA-A475-45C6-A633-182F116360D3}
		{252A9BD2-0107-4E72-ACB1-4A7128697ACC} = {252A9BD2-0107-4E72-ACB1-4A7128697ACC}
	EndProjectSection
EndProject
Project("{8BC9CEB8-8B4A-11D0-8D11-00A0C91BC942}") = "WindowingSystem", "src\WindowingSystem\WindowingSystem.vcxproj", "{079B0A1E-6589-4B80-99B3-2FE5554E439B}"
	ProjectSection(ProjectDependencies) = postProject
		{252A9BD2-0107-4E72-ACB1-4A7128697ACC} = {252A9BD2-0107-4E72-ACB1-4A7128697ACC}
	EndProjectSection
EndProject
Project("{8BC9CEB8-8B4A-11D0-8D11-00A0C91BC942}") = "XML", "src\TinyXML2\XML.vcxproj", "{F56499EA-A475-45C6-A633-182F116360D3}"
	ProjectSection(ProjectDependencies) = postProject
		{252A9BD2-0107-4E72-ACB1-4A7128697ACC} = {252A9BD2-0107-4E72-ACB1-4A7128697ACC}
	EndProjectSection
EndProject
Project("{8BC9CEB8-8B4A-11D0-8D11-00A0C91BC942}") = "ZERO_CHECK", "ZERO_CHECK.vcxproj", "{252A9BD2-0107-4E72-ACB1-4A7128697ACC}"
	ProjectSection(ProjectDependencies) = postProject
	EndProjectSection
EndProject
Global
	GlobalSection(SolutionConfigurationPlatforms) = preSolution
		Debug|Win32 = Debug|Win32
		Release|Win32 = Release|Win32
		MinSizeRel|Win32 = MinSizeRel|Win32
		RelWithDebInfo|Win32 = RelWithDebInfo|Win32
	EndGlobalSection
	GlobalSection(ProjectConfigurationPlatforms) = postSolution
		{01CF8003-904A-49C0-BFA1-5A919AC5EF0D}.Debug|Win32.ActiveCfg = Debug|Win32
		{01CF8003-904A-49C0-BFA1-5A919AC5EF0D}.Release|Win32.ActiveCfg = Release|Win32
		{01CF8003-904A-49C0-BFA1-5A919AC5EF0D}.MinSizeRel|Win32.ActiveCfg = MinSizeRel|Win32
		{01CF8003-904A-49C0-BFA1-5A919AC5EF0D}.RelWithDebInfo|Win32.ActiveCfg = RelWithDebInfo|Win32
		{4798AA02-5855-4502-A51C-4A95A7916F87}.Debug|Win32.ActiveCfg = Debug|Win32
		{4798AA02-5855-4502-A51C-4A95A7916F87}.Debug|Win32.Build.0 = Debug|Win32
		{4798AA02-5855-4502-A51C-4A95A7916F87}.Release|Win32.ActiveCfg = Release|Win32
		{4798AA02-5855-4502-A51C-4A95A7916F87}.Release|Win32.Build.0 = Release|Win32
		{4798AA02-5855-4502-A51C-4A95A7916F87}.MinSizeRel|Win32.ActiveCfg = MinSizeRel|Win32
		{4798AA02-5855-4502-A51C-4A95A7916F87}.MinSizeRel|Win32.Build.0 = MinSizeRel|Win32
		{4798AA02-5855-4502-A51C-4A95A7916F87}.RelWithDebInfo|Win32.ActiveCfg = RelWithDebInfo|Win32
		{4798AA02-5855-4502-A51C-4A95A7916F87}.RelWithDebInfo|Win32.Build.0 = RelWithDebInfo|Win32
		{20E03DA0-BEFF-434A-B87D-85C0912B9B85}.Debug|Win32.ActiveCfg = Debug|Win32
		{20E03DA0-BEFF-434A-B87D-85C0912B9B85}.Debug|Win32.Build.0 = Debug|Win32
		{20E03DA0-BEFF-434A-B87D-85C0912B9B85}.Release|Win32.ActiveCfg = Release|Win32
		{20E03DA0-BEFF-434A-B87D-85C0912B9B85}.Release|Win32.Build.0 = Release|Win32
		{20E03DA0-BEFF-434A-B87D-85C0912B9B85}.MinSizeRel|Win32.ActiveCfg = MinSizeRel|Win32
		{20E03DA0-BEFF-434A-B87D-85C0912B9B85}.MinSizeRel|Win32.Build.0 = MinSizeRel|Win32
		{20E03DA0-BEFF-434A-B87D-85C0912B9B85}.RelWithDebInfo|Win32.ActiveCfg = RelWithDebInfo|Win32
		{20E03DA0-BEFF-434A-B87D-85C0912B9B85}.RelWithDebInfo|Win32.Build.0 = RelWithDebInfo|Win32
		{E288C96B-371A-416A-A609-5FF8B196CB42}.Debug|Win32.ActiveCfg = Debug|Win32
		{E288C96B-371A-416A-A609-5FF8B196CB42}.Debug|Win32.Build.0 = Debug|Win32
		{E288C96B-371A-416A-A609-5FF8B196CB42}.Release|Win32.ActiveCfg = Release|Win32
		{E288C96B-371A-416A-A609-5FF8B196CB42}.Release|Win32.Build.0 = Release|Win32
		{E288C96B-371A-416A-A609-5FF8B196CB42}.MinSizeRel|Win32.ActiveCfg = MinSizeRel|Win32
		{E288C96B-371A-416A-A609-5FF8B196CB42}.MinSizeRel|Win32.Build.0 = MinSizeRel|Win32
		{E288C96B-371A-416A-A609-5FF8B196CB42}.RelWithDebInfo|Win32.ActiveCfg = RelWithDebInfo|Win32
		{E288C96B-371A-416A-A609-5FF8B196CB42}.RelWithDebInfo|Win32.Build.0 = RelWithDebInfo|Win32
		{EEAEDB72-15AB-4A71-BBC9-159FD9B309B1}.Debug|Win32.ActiveCfg = Debug|Win32
		{EEAEDB72-15AB-4A71-BBC9-159FD9B309B1}.Debug|Win32.Build.0 = Debug|Win32
		{EEAEDB72-15AB-4A71-BBC9-159FD9B309B1}.Release|Win32.ActiveCfg = Release|Win32
		{EEAEDB72-15AB-4A71-BBC9-159FD9B309B1}.Release|Win32.Build.0 = Release|Win32
		{EEAEDB72-15AB-4A71-BBC9-159FD9B309B1}.MinSizeRel|Win32.ActiveCfg = MinSizeRel|Win32
		{EEAEDB72-15AB-4A71-BBC9-159FD9B309B1}.MinSizeRel|Win32.Build.0 = MinSizeRel|Win32
		{EEAEDB72-15AB-4A71-BBC9-159FD9B309B1}.RelWithDebInfo|Win32.ActiveCfg = RelWithDebInfo|Win32
		{EEAEDB72-15AB-4A71-BBC9-159FD9B309B1}.RelWithDebInfo|Win32.Build.0 = RelWithDebInfo|Win32
		{9745F52C-8A7B-4988-81D2-CAFE2669D6FA}.Debug|Win32.ActiveCfg = Debug|Win32
		{9745F52C-8A7B-4988-81D2-CAFE2669D6FA}.Debug|Win32.Build.0 = Debug|Win32
		{9745F52C-8A7B-4988-81D2-CAFE2669D6FA}.Release|Win32.ActiveCfg = Release|Win32
		{9745F52C-8A7B-4988-81D2-CAFE2669D6FA}.Release|Win32.Build.0 = Release|Win32
		{9745F52C-8A7B-4988-81D2-CAFE2669D6FA}.MinSizeRel|Win32.ActiveCfg = MinSizeRel|Win32
		{9745F52C-8A7B-4988-81D2-CAFE2669D6FA}.MinSizeRel|Win32.Build.0 = MinSizeRel|Win32
		{9745F52C-8A7B-4988-81D2-CAFE2669D6FA}.RelWithDebInfo|Win32.ActiveCfg = RelWithDebInfo|Win32
		{9745F52C-8A7B-4988-81D2-CAFE2669D6FA}.RelWithDebInfo|Win32.Build.0 = RelWithDebInfo|Win32
		{AF66D579-509C-4BD5-B199-C9B3823542FC}.Debug|Win32.ActiveCfg = Debug|Win32
		{AF66D579-509C-4BD5-B199-C9B3823542FC}.Debug|Win32.Build.0 = Debug|Win32
		{AF66D579-509C-4BD5-B199-C9B3823542FC}.Release|Win32.ActiveCfg = Release|Win32
		{AF66D579-509C-4BD5-B199-C9B3823542FC}.Release|Win32.Build.0 = Release|Win32
		{AF66D579-509C-4BD5-B199-C9B3823542FC}.MinSizeRel|Win32.ActiveCfg = MinSizeRel|Win32
		{AF66D579-509C-4BD5-B199-C9B3823542FC}.MinSizeRel|Win32.Build.0 = MinSizeRel|Win32
		{AF66D579-509C-4BD5-B199-C9B3823542FC}.RelWithDebInfo|Win32.ActiveCfg = RelWithDebInfo|Win32
		{AF66D579-509C-4BD5-B199-C9B3823542FC}.RelWithDebInfo|Win32.Build.0 = RelWithDebInfo|Win32
		{F7990A69-8D71-426A-AFF1-2827366A5636}.Debug|Win32.ActiveCfg = Debug|Win32
		{F7990A69-8D71-426A-AFF1-2827366A5636}.Debug|Win32.Build.0 = Debug|Win32
		{F7990A69-8D71-426A-AFF1-2827366A5636}.Release|Win32.ActiveCfg = Release|Win32
		{F7990A69-8D71-426A-AFF1-2827366A5636}.Release|Win32.Build.0 = Release|Win32
		{F7990A69-8D71-426A-AFF1-2827366A5636}.MinSizeRel|Win32.ActiveCfg = MinSizeRel|Win32
		{F7990A69-8D71-426A-AFF1-2827366A5636}.MinSizeRel|Win32.Build.0 = MinSizeRel|Win32
		{F7990A69-8D71-426A-AFF1-2827366A5636}.RelWithDebInfo|Win32.ActiveCfg = RelWithDebInfo|Win32
		{F7990A69-8D71-426A-AFF1-2827366A5636}.RelWithDebInfo|Win32.Build.0 = RelWithDebInfo|Win32
		{079B0A1E-6589-4B80-99B3-2FE5554E439B}.Debug|Win32.ActiveCfg = Debug|Win32
		{079B0A1E-6589-4B80-99B3-2FE5554E439B}.Debug|Win32.Build.0 = Debug|Win32
		{079B0A1E-6589-4B80-99B3-2FE5554E439B}.Release|Win32.ActiveCfg = Release|Win32
		{079B0A1E-6589-4B80-99B3-2FE5554E439B}.Release|Win32.Build.0 = Release|Win32
		{079B0A1E-6589-4B80-99B3-2FE5554E439B}.MinSizeRel|Win32.ActiveCfg = MinSizeRel|Win32
		{079B0A1E-6589-4B80-99B3-2FE5554E439B}.MinSizeRel|Win32.Build.0 = MinSizeRel|Win32
		{079B0A1E-6589-4B80-99B3-2FE5554E439B}.RelWithDebInfo|Win32.ActiveCfg = RelWithDebInfo|Win32
		{079B0A1E-6589-4B80-99B3-2FE5554E439B}.RelWithDebInfo|Win32.Build.0 = RelWithDebInfo|Win32
		{F56499EA-A475-45C6-A633-182F116360D3}.Debug|Win32.ActiveCfg = Debug|Win32
		{F56499EA-A475-45C6-A633-182F116360D3}.Debug|Win32.Build.0 = Debug|Win32
		{F56499EA-A475-45C6-A633-182F116360D3}.Release|Win32.ActiveCfg = Release|Win32
		{F56499EA-A475-45C6-A633-182F116360D3}.Release|Win32.Build.0 = Release|Win32
		{F56499EA-A475-45C6-A633-182F116360D3}.MinSizeRel|Win32.ActiveCfg = MinSizeRel|Win32
		{F56499EA-A475-45C6-A633-182F116360D3}.MinSizeRel|Win32.Build.0 = MinSizeRel|Win32
		{F56499EA-A475-45C6-A633-182F116360D3}.RelWithDebInfo|Win32.ActiveCfg = RelWithDebInfo|Win32
		{F56499EA-A475-45C6-A633-182F116360D3}.RelWithDebInfo|Win32.Build.0 = RelWithDebInfo|Win32
		{252A9BD2-0107-4E72-ACB1-4A7128697ACC}.Debug|Win32.ActiveCfg = Debug|Win32
		{252A9BD2-0107-4E72-ACB1-4A7128697ACC}.Debug|Win32.Build.0 = Debug|Win32
		{252A9BD2-0107-4E72-ACB1-4A7128697ACC}.Release|Win32.ActiveCfg = Release|Win32
		{252A9BD2-0107-4E72-ACB1-4A7128697ACC}.Release|Win32.Build.0 = Release|Win32
		{252A9BD2-0107-4E72-ACB1-4A7128697ACC}.MinSizeRel|Win32.ActiveCfg = MinSizeRel|Win32
		{252A9BD2-0107-4E72-ACB1-4A7128697ACC}.MinSizeRel|Win32.Build.0 = MinSizeRel|Win32
		{252A9BD2-0107-4E72-ACB1-4A7128697ACC}.RelWithDebInfo|Win32.ActiveCfg = RelWithDebInfo|Win32
		{252A9BD2-0107-4E72-ACB1-4A7128697ACC}.RelWithDebInfo|Win32.Build.0 = RelWithDebInfo|Win32
	EndGlobalSection
	GlobalSection(ExtensibilityGlobals) = postSolution
	EndGlobalSection
	GlobalSection(ExtensibilityAddIns) = postSolution
	EndGlobalSection
EndGlobal
